
Microsoft Visual Studio Solution File, Format Version 12.00
# Visual Studio Version 17
VisualStudioVersion = 17.1.32228.430
MinimumVisualStudioVersion = 10.0.40219.1
Project("{FAE04EC0-301F-11D3-BF4B-00C04F79EFBC}") = "Tableaux", "Tableaux\Tableaux.csproj", "{034BB520-5815-4C9A-8AB9-FFAD03ED08A4}"
EndProject
Global
	GlobalSection(SolutionConfigurationPlatforms) = preSolution
		Debug|Any CPU = Debug|Any CPU
		Release|Any CPU = Release|Any CPU
	EndGlobalSection
	GlobalSection(ProjectConfigurationPlatforms) = postSolution
		{034BB520-5815-4C9A-8AB9-FFAD03ED08A4}.Debug|Any CPU.ActiveCfg = Debug|Any CPU
		{034BB520-5815-4C9A-8AB9-FFAD03ED08A4}.Debug|Any CPU.Build.0 = Debug|Any CPU
		{034BB520-5815-4C9A-8AB9-FFAD03ED08A4}.Release|Any CPU.ActiveCfg = Release|Any CPU
		{034BB520-5815-4C9A-8AB9-FFAD03ED08A4}.Release|Any CPU.Build.0 = Release|Any CPU
	EndGlobalSection
	GlobalSection(SolutionProperties) = preSolution
		HideSolutionNode = FALSE
	EndGlobalSection
	GlobalSection(ExtensibilityGlobals) = postSolution
		SolutionGuid = {B9BEC3DE-DF0F-43E0-9E13-66C8200E88F5}
	EndGlobalSection
EndGlobal
